
Microsoft Visual Studio Solution File, Format Version 12.00
# Visual Studio 14
VisualStudioVersion = 14.0.25420.1
MinimumVisualStudioVersion = 10.0.40219.1
Project("{FAE04EC0-301F-11D3-BF4B-00C04F79EFBC}") = "02.Flower_shop", "02.Flowers\02.Flower_shop.csproj", "{71BD8479-BE23-4728-8E6E-B814B2BAFC0C}"
EndProject
Project("{FAE04EC0-301F-11D3-BF4B-00C04F79EFBC}") = "02.Pets", "..\02.Pets\02.Pets.csproj", "{A8709081-C479-4948-BB48-E9883494E12C}"
EndProject
Global
	GlobalSection(SolutionConfigurationPlatforms) = preSolution
		Debug|Any CPU = Debug|Any CPU
		Release|Any CPU = Release|Any CPU
	EndGlobalSection
	GlobalSection(ProjectConfigurationPlatforms) = postSolution
		{71BD8479-BE23-4728-8E6E-B814B2BAFC0C}.Debug|Any CPU.ActiveCfg = Debug|Any CPU
		{71BD8479-BE23-4728-8E6E-B814B2BAFC0C}.Debug|Any CPU.Build.0 = Debug|Any CPU
		{71BD8479-BE23-4728-8E6E-B814B2BAFC0C}.Release|Any CPU.ActiveCfg = Release|Any CPU
		{71BD8479-BE23-4728-8E6E-B814B2BAFC0C}.Release|Any CPU.Build.0 = Release|Any CPU
		{A8709081-C479-4948-BB48-E9883494E12C}.Debug|Any CPU.ActiveCfg = Debug|Any CPU
		{A8709081-C479-4948-BB48-E9883494E12C}.Debug|Any CPU.Build.0 = Debug|Any CPU
		{A8709081-C479-4948-BB48-E9883494E12C}.Release|Any CPU.ActiveCfg = Release|Any CPU
		{A8709081-C479-4948-BB48-E9883494E12C}.Release|Any CPU.Build.0 = Release|Any CPU
	EndGlobalSection
	GlobalSection(SolutionProperties) = preSolution
		HideSolutionNode = FALSE
	EndGlobalSection
EndGlobal
